
Microsoft Visual Studio Solution File, Format Version 12.00
# Visual Studio Version 17
VisualStudioVersion = 17.14.36717.8
MinimumVisualStudioVersion = 10.0.40219.1
Project("{8BC9CEB8-8B4A-11D0-8D11-00A0C91BC942}") = "D1226", "D1226\D1226.vcxproj", "{2F81E661-C0FA-4E69-A508-60C8C3FE34C5}"
EndProject
Project("{8BC9CEB8-8B4A-11D0-8D11-00A0C91BC942}") = "D1229", "D1229\D1229.vcxproj", "{924F2978-DD60-46C8-95F1-320DCC44AAF2}"
EndProject
Project("{8BC9CEB8-8B4A-11D0-8D11-00A0C91BC942}") = "D1230", "D1230\D1230.vcxproj", "{C1502AF8-A152-4346-8EF4-5837B7D07FA1}"
EndProject
Project("{8BC9CEB8-8B4A-11D0-8D11-00A0C91BC942}") = "D1231", "D1231\D1231.vcxproj", "{D7A96334-55A5-47DD-86A8-387DB8DFCC3D}"
EndProject
Project("{8BC9CEB8-8B4A-11D0-8D11-00A0C91BC942}") = "D0102", "D0102\D0102.vcxproj", "{DF3DF04D-BD31-4AD8-BC22-48500A35E8BD}"
EndProject
Project("{8BC9CEB8-8B4A-11D0-8D11-00A0C91BC942}") = "D0104", "D0104\D0104.vcxproj", "{A13F4DE2-5C47-4E92-83AD-9687869C6F44}"
EndProject
Project("{8BC9CEB8-8B4A-11D0-8D11-00A0C91BC942}") = "D0105", "D0105\D0105.vcxproj", "{D03A7208-019D-48F6-9CF1-E71FAF376E31}"
EndProject
Project("{8BC9CEB8-8B4A-11D0-8D11-00A0C91BC942}") = "STUDY", "STUDY\STUDY.vcxproj", "{7F34AECD-BAE2-4630-8808-4FF27C8F5C81}"
EndProject
Project("{8BC9CEB8-8B4A-11D0-8D11-00A0C91BC942}") = "D0106", "D0106\D0106.vcxproj", "{AEFADB99-74B5-408A-A6B6-9002B4F97A5E}"
EndProject
Project("{8BC9CEB8-8B4A-11D0-8D11-00A0C91BC942}") = "QUIZ", "quiz\quiz.vcxproj", "{134AD78F-33C3-4AD7-AB74-8E6707A7A662}"
EndProject
Project("{8BC9CEB8-8B4A-11D0-8D11-00A0C91BC942}") = "D0107", "D0107\D0107.vcxproj", "{015D0ED3-3B9B-4447-AF7C-560711B0F6FA}"
EndProject
Project("{8BC9CEB8-8B4A-11D0-8D11-00A0C91BC942}") = "D0108", "D0108\D0108.vcxproj", "{E3531DA1-3D22-47F3-A993-5446B5833BB2}"
EndProject
Project("{8BC9CEB8-8B4A-11D0-8D11-00A0C91BC942}") = "D0110", "D0110\D0110.vcxproj", "{D99DF615-7D35-4C02-BEDC-D6A2D9F3813D}"
EndProject
Project("{8BC9CEB8-8B4A-11D0-8D11-00A0C91BC942}") = "D0112", "D0112\D0112.vcxproj", "{30C568F2-684D-46BD-BC01-FFFAFB8BAAD0}"
EndProject
Project("{8BC9CEB8-8B4A-11D0-8D11-00A0C91BC942}") = "C_MINI", "C_MINI\C_MINI.vcxproj", "{6D4434D4-5E0B-41C3-B52F-9CB83201AFC9}"
EndProject
Project("{8BC9CEB8-8B4A-11D0-8D11-00A0C91BC942}") = "D0114", "D0114\D0114.vcxproj", "{9E89DDCA-CA22-4C3B-92D3-D44FA2181DF0}"
EndProject
Project("{8BC9CEB8-8B4A-11D0-8D11-00A0C91BC942}") = "D0115", "D0115\D0115.vcxproj", "{692F4D0B-4785-4DF3-9AAA-E2F44F0F032C}"
EndProject
Global
	GlobalSection(SolutionConfigurationPlatforms) = preSolution
		Debug|x64 = Debug|x64
		Debug|x86 = Debug|x86
		Release|x64 = Release|x64
		Release|x86 = Release|x86
	EndGlobalSection
	GlobalSection(ProjectConfigurationPlatforms) = postSolution
		{2F81E661-C0FA-4E69-A508-60C8C3FE34C5}.Debug|x64.ActiveCfg = Debug|x64
		{2F81E661-C0FA-4E69-A508-60C8C3FE34C5}.Debug|x64.Build.0 = Debug|x64
		{2F81E661-C0FA-4E69-A508-60C8C3FE34C5}.Debug|x86.ActiveCfg = Debug|Win32
		{2F81E661-C0FA-4E69-A508-60C8C3FE34C5}.Debug|x86.Build.0 = Debug|Win32
		{2F81E661-C0FA-4E69-A508-60C8C3FE34C5}.Release|x64.ActiveCfg = Release|x64
		{2F81E661-C0FA-4E69-A508-60C8C3FE34C5}.Release|x64.Build.0 = Release|x64
		{2F81E661-C0FA-4E69-A508-60C8C3FE34C5}.Release|x86.ActiveCfg = Release|Win32
		{2F81E661-C0FA-4E69-A508-60C8C3FE34C5}.Release|x86.Build.0 = Release|Win32
		{924F2978-DD60-46C8-95F1-320DCC44AAF2}.Debug|x64.ActiveCfg = Debug|x64
		{924F2978-DD60-46C8-95F1-320DCC44AAF2}.Debug|x64.Build.0 = Debug|x64
		{924F2978-DD60-46C8-95F1-320DCC44AAF2}.Debug|x86.ActiveCfg = Debug|Win32
		{924F2978-DD60-46C8-95F1-320DCC44AAF2}.Debug|x86.Build.0 = Debug|Win32
		{924F2978-DD60-46C8-95F1-320DCC44AAF2}.Release|x64.ActiveCfg = Release|x64
		{924F2978-DD60-46C8-95F1-320DCC44AAF2}.Release|x64.Build.0 = Release|x64
		{924F2978-DD60-46C8-95F1-320DCC44AAF2}.Release|x86.ActiveCfg = Release|Win32
		{924F2978-DD60-46C8-95F1-320DCC44AAF2}.Release|x86.Build.0 = Release|Win32
		{C1502AF8-A152-4346-8EF4-5837B7D07FA1}.Debug|x64.ActiveCfg = Debug|x64
		{C1502AF8-A152-4346-8EF4-5837B7D07FA1}.Debug|x64.Build.0 = Debug|x64
		{C1502AF8-A152-4346-8EF4-5837B7D07FA1}.Debug|x86.ActiveCfg = Debug|Win32
		{C1502AF8-A152-4346-8EF4-5837B7D07FA1}.Debug|x86.Build.0 = Debug|Win32
		{C1502AF8-A152-4346-8EF4-5837B7D07FA1}.Release|x64.ActiveCfg = Release|x64
		{C1502AF8-A152-4346-8EF4-5837B7D07FA1}.Release|x64.Build.0 = Release|x64
		{C1502AF8-A152-4346-8EF4-5837B7D07FA1}.Release|x86.ActiveCfg = Release|Win32
		{C1502AF8-A152-4346-8EF4-5837B7D07FA1}.Release|x86.Build.0 = Release|Win32
		{D7A96334-55A5-47DD-86A8-387DB8DFCC3D}.Debug|x64.ActiveCfg = Debug|x64
		{D7A96334-55A5-47DD-86A8-387DB8DFCC3D}.Debug|x64.Build.0 = Debug|x64
		{D7A96334-55A5-47DD-86A8-387DB8DFCC3D}.Debug|x86.ActiveCfg = Debug|Win32
		{D7A96334-55A5-47DD-86A8-387DB8DFCC3D}.Debug|x86.Build.0 = Debug|Win32
		{D7A96334-55A5-47DD-86A8-387DB8DFCC3D}.Release|x64.ActiveCfg = Release|x64
		{D7A96334-55A5-47DD-86A8-387DB8DFCC3D}.Release|x64.Build.0 = Release|x64
		{D7A96334-55A5-47DD-86A8-387DB8DFCC3D}.Release|x86.ActiveCfg = Release|Win32
		{D7A96334-55A5-47DD-86A8-387DB8DFCC3D}.Release|x86.Build.0 = Release|Win32
		{DF3DF04D-BD31-4AD8-BC22-48500A35E8BD}.Debug|x64.ActiveCfg = Debug|x64
		{DF3DF04D-BD31-4AD8-BC22-48500A35E8BD}.Debug|x64.Build.0 = Debug|x64
		{DF3DF04D-BD31-4AD8-BC22-48500A35E8BD}.Debug|x86.ActiveCfg = Debug|Win32
		{DF3DF04D-BD31-4AD8-BC22-48500A35E8BD}.Debug|x86.Build.0 = Debug|Win32
		{DF3DF04D-BD31-4AD8-BC22-48500A35E8BD}.Release|x64.ActiveCfg = Release|x64
		{DF3DF04D-BD31-4AD8-BC22-48500A35E8BD}.Release|x64.Build.0 = Release|x64
		{DF3DF04D-BD31-4AD8-BC22-48500A35E8BD}.Release|x86.ActiveCfg = Release|Win32
		{DF3DF04D-BD31-4AD8-BC22-48500A35E8BD}.Release|x86.Build.0 = Release|Win32
		{A13F4DE2-5C47-4E92-83AD-9687869C6F44}.Debug|x64.ActiveCfg = Debug|x64
		{A13F4DE2-5C47-4E92-83AD-9687869C6F44}.Debug|x64.Build.0 = Debug|x64
		{A13F4DE2-5C47-4E92-83AD-9687869C6F44}.Debug|x86.ActiveCfg = Debug|Win32
		{A13F4DE2-5C47-4E92-83AD-9687869C6F44}.Debug|x86.Build.0 = Debug|Win32
		{A13F4DE2-5C47-4E92-83AD-9687869C6F44}.Release|x64.ActiveCfg = Release|x64
		{A13F4DE2-5C47-4E92-83AD-9687869C6F44}.Release|x64.Build.0 = Release|x64
		{A13F4DE2-5C47-4E92-83AD-9687869C6F44}.Release|x86.ActiveCfg = Release|Win32
		{A13F4DE2-5C47-4E92-83AD-9687869C6F44}.Release|x86.Build.0 = Release|Win32
		{D03A7208-019D-48F6-9CF1-E71FAF376E31}.Debug|x64.ActiveCfg = Debug|x64
		{D03A7208-019D-48F6-9CF1-E71FAF376E31}.Debug|x64.Build.0 = Debug|x64
		{D03A7208-019D-48F6-9CF1-E71FAF376E31}.Debug|x86.ActiveCfg = Debug|Win32
		{D03A7208-019D-48F6-9CF1-E71FAF376E31}.Debug|x86.Build.0 = Debug|Win32
		{D03A7208-019D-48F6-9CF1-E71FAF376E31}.Release|x64.ActiveCfg = Release|x64
		{D03A7208-019D-48F6-9CF1-E71FAF376E31}.Release|x64.Build.0 = Release|x64
		{D03A7208-019D-48F6-9CF1-E71FAF376E31}.Release|x86.ActiveCfg = Release|Win32
		{D03A7208-019D-48F6-9CF1-E71FAF376E31}.Release|x86.Build.0 = Release|Win32
		{7F34AECD-BAE2-4630-8808-4FF27C8F5C81}.Debug|x64.ActiveCfg = Debug|x64
		{7F34AECD-BAE2-4630-8808-4FF27C8F5C81}.Debug|x64.Build.0 = Debug|x64
		{7F34AECD-BAE2-4630-8808-4FF27C8F5C81}.Debug|x86.ActiveCfg = Debug|Win32
		{7F34AECD-BAE2-4630-8808-4FF27C8F5C81}.Debug|x86.Build.0 = Debug|Win32
		{7F34AECD-BAE2-4630-8808-4FF27C8F5C81}.Release|x64.ActiveCfg = Release|x64
		{7F34AECD-BAE2-4630-8808-4FF27C8F5C81}.Release|x64.Build.0 = Release|x64
		{7F34AECD-BAE2-4630-8808-4FF27C8F5C81}.Release|x86.ActiveCfg = Release|Win32
		{7F34AECD-BAE2-4630-8808-4FF27C8F5C81}.Release|x86.Build.0 = Release|Win32
		{AEFADB99-74B5-408A-A6B6-9002B4F97A5E}.Debug|x64.ActiveCfg = Debug|x64
		{AEFADB99-74B5-408A-A6B6-9002B4F97A5E}.Debug|x64.Build.0 = Debug|x64
		{AEFADB99-74B5-408A-A6B6-9002B4F97A5E}.Debug|x86.ActiveCfg = Debug|Win32
		{AEFADB99-74B5-408A-A6B6-9002B4F97A5E}.Debug|x86.Build.0 = Debug|Win32
		{AEFADB99-74B5-408A-A6B6-9002B4F97A5E}.Release|x64.ActiveCfg = Release|x64
		{AEFADB99-74B5-408A-A6B6-9002B4F97A5E}.Release|x64.Build.0 = Release|x64
		{AEFADB99-74B5-408A-A6B6-9002B4F97A5E}.Release|x86.ActiveCfg = Release|Win32
		{AEFADB99-74B5-408A-A6B6-9002B4F97A5E}.Release|x86.Build.0 = Release|Win32
		{134AD78F-33C3-4AD7-AB74-8E6707A7A662}.Debug|x64.ActiveCfg = Debug|x64
		{134AD78F-33C3-4AD7-AB74-8E6707A7A662}.Debug|x64.Build.0 = Debug|x64
		{134AD78F-33C3-4AD7-AB74-8E6707A7A662}.Debug|x86.ActiveCfg = Debug|Win32
		{134AD78F-33C3-4AD7-AB74-8E6707A7A662}.Debug|x86.Build.0 = Debug|Win32
		{134AD78F-33C3-4AD7-AB74-8E6707A7A662}.Release|x64.ActiveCfg = Release|x64
		{134AD78F-33C3-4AD7-AB74-8E6707A7A662}.Release|x64.Build.0 = Release|x64
		{134AD78F-33C3-4AD7-AB74-8E6707A7A662}.Release|x86.ActiveCfg = Release|Win32
		{134AD78F-33C3-4AD7-AB74-8E6707A7A662}.Release|x86.Build.0 = Release|Win32
		{015D0ED3-3B9B-4447-AF7C-560711B0F6FA}.Debug|x64.ActiveCfg = Debug|x64
		{015D0ED3-3B9B-4447-AF7C-560711B0F6FA}.Debug|x64.Build.0 = Debug|x64
		{015D0ED3-3B9B-4447-AF7C-560711B0F6FA}.Debug|x86.ActiveCfg = Debug|Win32
		{015D0ED3-3B9B-4447-AF7C-560711B0F6FA}.Debug|x86.Build.0 = Debug|Win32
		{015D0ED3-3B9B-4447-AF7C-560711B0F6FA}.Release|x64.ActiveCfg = Release|x64
		{015D0ED3-3B9B-4447-AF7C-560711B0F6FA}.Release|x64.Build.0 = Release|x64
		{015D0ED3-3B9B-4447-AF7C-560711B0F6FA}.Release|x86.ActiveCfg = Release|Win32
		{015D0ED3-3B9B-4447-AF7C-560711B0F6FA}.Release|x86.Build.0 = Release|Win32
		{E3531DA1-3D22-47F3-A993-5446B5833BB2}.Debug|x64.ActiveCfg = Debug|x64
		{E3531DA1-3D22-47F3-A993-5446B5833BB2}.Debug|x64.Build.0 = Debug|x64
		{E3531DA1-3D22-47F3-A993-5446B5833BB2}.Debug|x86.ActiveCfg = Debug|Win32
		{E3531DA1-3D22-47F3-A993-5446B5833BB2}.Debug|x86.Build.0 = Debug|Win32
		{E3531DA1-3D22-47F3-A993-5446B5833BB2}.Release|x64.ActiveCfg = Release|x64
		{E3531DA1-3D22-47F3-A993-5446B5833BB2}.Release|x64.Build.0 = Release|x64
		{E3531DA1-3D22-47F3-A993-5446B5833BB2}.Release|x86.ActiveCfg = Release|Win32
		{E3531DA1-3D22-47F3-A993-5446B5833BB2}.Release|x86.Build.0 = Release|Win32
		{D99DF615-7D35-4C02-BEDC-D6A2D9F3813D}.Debug|x64.ActiveCfg = Debug|x64
		{D99DF615-7D35-4C02-BEDC-D6A2D9F3813D}.Debug|x64.Build.0 = Debug|x64
		{D99DF615-7D35-4C02-BEDC-D6A2D9F3813D}.Debug|x86.ActiveCfg = Debug|Win32
		{D99DF615-7D35-4C02-BEDC-D6A2D9F3813D}.Debug|x86.Build.0 = Debug|Win32
		{D99DF615-7D35-4C02-BEDC-D6A2D9F3813D}.Release|x64.ActiveCfg = Release|x64
		{D99DF615-7D35-4C02-BEDC-D6A2D9F3813D}.Release|x64.Build.0 = Release|x64
		{D99DF615-7D35-4C02-BEDC-D6A2D9F3813D}.Release|x86.ActiveCfg = Release|Win32
		{D99DF615-7D35-4C02-BEDC-D6A2D9F3813D}.Release|x86.Build.0 = Release|Win32
		{30C568F2-684D-46BD-BC01-FFFAFB8BAAD0}.Debug|x64.ActiveCfg = Debug|x64
		{30C568F2-684D-46BD-BC01-FFFAFB8BAAD0}.Debug|x64.Build.0 = Debug|x64
		{30C568F2-684D-46BD-BC01-FFFAFB8BAAD0}.Debug|x86.ActiveCfg = Debug|Win32
		{30C568F2-684D-46BD-BC01-FFFAFB8BAAD0}.Debug|x86.Build.0 = Debug|Win32
		{30C568F2-684D-46BD-BC01-FFFAFB8BAAD0}.Release|x64.ActiveCfg = Release|x64
		{30C568F2-684D-46BD-BC01-FFFAFB8BAAD0}.Release|x64.Build.0 = Release|x64
		{30C568F2-684D-46BD-BC01-FFFAFB8BAAD0}.Release|x86.ActiveCfg = Release|Win32
		{30C568F2-684D-46BD-BC01-FFFAFB8BAAD0}.Release|x86.Build.0 = Release|Win32
		{6D4434D4-5E0B-41C3-B52F-9CB83201AFC9}.Debug|x64.ActiveCfg = Debug|x64
		{6D4434D4-5E0B-41C3-B52F-9CB83201AFC9}.Debug|x64.Build.0 = Debug|x64
		{6D4434D4-5E0B-41C3-B52F-9CB83201AFC9}.Debug|x86.ActiveCfg = Debug|Win32
		{6D4434D4-5E0B-41C3-B52F-9CB83201AFC9}.Debug|x86.Build.0 = Debug|Win32
		{6D4434D4-5E0B-41C3-B52F-9CB83201AFC9}.Release|x64.ActiveCfg = Release|x64
		{6D4434D4-5E0B-41C3-B52F-9CB83201AFC9}.Release|x64.Build.0 = Release|x64
		{6D4434D4-5E0B-41C3-B52F-9CB83201AFC9}.Release|x86.ActiveCfg = Release|Win32
		{6D4434D4-5E0B-41C3-B52F-9CB83201AFC9}.Release|x86.Build.0 = Release|Win32
		{9E89DDCA-CA22-4C3B-92D3-D44FA2181DF0}.Debug|x64.ActiveCfg = Debug|x64
		{9E89DDCA-CA22-4C3B-92D3-D44FA2181DF0}.Debug|x64.Build.0 = Debug|x64
		{9E89DDCA-CA22-4C3B-92D3-D44FA2181DF0}.Debug|x86.ActiveCfg = Debug|Win32
		{9E89DDCA-CA22-4C3B-92D3-D44FA2181DF0}.Debug|x86.Build.0 = Debug|Win32
		{9E89DDCA-CA22-4C3B-92D3-D44FA2181DF0}.Release|x64.ActiveCfg = Release|x64
		{9E89DDCA-CA22-4C3B-92D3-D44FA2181DF0}.Release|x64.Build.0 = Release|x64
		{9E89DDCA-CA22-4C3B-92D3-D44FA2181DF0}.Release|x86.ActiveCfg = Release|Win32
		{9E89DDCA-CA22-4C3B-92D3-D44FA2181DF0}.Release|x86.Build.0 = Release|Win32
		{692F4D0B-4785-4DF3-9AAA-E2F44F0F032C}.Debug|x64.ActiveCfg = Debug|x64
		{692F4D0B-4785-4DF3-9AAA-E2F44F0F032C}.Debug|x64.Build.0 = Debug|x64
		{692F4D0B-4785-4DF3-9AAA-E2F44F0F032C}.Debug|x86.ActiveCfg = Debug|Win32
		{692F4D0B-4785-4DF3-9AAA-E2F44F0F032C}.Debug|x86.Build.0 = Debug|Win32
		{692F4D0B-4785-4DF3-9AAA-E2F44F0F032C}.Release|x64.ActiveCfg = Release|x64
		{692F4D0B-4785-4DF3-9AAA-E2F44F0F032C}.Release|x64.Build.0 = Release|x64
		{692F4D0B-4785-4DF3-9AAA-E2F44F0F032C}.Release|x86.ActiveCfg = Release|Win32
		{692F4D0B-4785-4DF3-9AAA-E2F44F0F032C}.Release|x86.Build.0 = Release|Win32
	EndGlobalSection
	GlobalSection(SolutionProperties) = preSolution
		HideSolutionNode = FALSE
	EndGlobalSection
	GlobalSection(ExtensibilityGlobals) = postSolution
		SolutionGuid = {678FAE06-BD3D-4CA6-B811-55B6E39B9385}
	EndGlobalSection
EndGlobal
